
Microsoft Visual Studio Solution File, Format Version 12.00
# Visual Studio Version 16
VisualStudioVersion = 16.0.32106.194
MinimumVisualStudioVersion = 10.0.40219.1
Project("{FAE04EC0-301F-11D3-BF4B-00C04F79EFBC}") = "RegistrationTest", "RegistrationTest\RegistrationTest.csproj", "{D9C11613-F65E-4E65-B129-48FF634A86AA}"
EndProject
Global
	GlobalSection(SolutionConfigurationPlatforms) = preSolution
		Debug|Any CPU = Debug|Any CPU
		Release|Any CPU = Release|Any CPU
	EndGlobalSection
	GlobalSection(ProjectConfigurationPlatforms) = postSolution
		{D9C11613-F65E-4E65-B129-48FF634A86AA}.Debug|Any CPU.ActiveCfg = Debug|Any CPU
		{D9C11613-F65E-4E65-B129-48FF634A86AA}.Debug|Any CPU.Build.0 = Debug|Any CPU
		{D9C11613-F65E-4E65-B129-48FF634A86AA}.Release|Any CPU.ActiveCfg = Release|Any CPU
		{D9C11613-F65E-4E65-B129-48FF634A86AA}.Release|Any CPU.Build.0 = Release|Any CPU
	EndGlobalSection
	GlobalSection(SolutionProperties) = preSolution
		HideSolutionNode = FALSE
	EndGlobalSection
	GlobalSection(ExtensibilityGlobals) = postSolution
		SolutionGuid = {7FA9550B-A5DA-406F-BEF3-179FE9969517}
	EndGlobalSection
EndGlobal
